
Microsoft Visual Studio Solution File, Format Version 12.00
# Visual Studio 15
VisualStudioVersion = 15.0.27703.2035
MinimumVisualStudioVersion = 10.0.40219.1
Project("{FAE04EC0-301F-11D3-BF4B-00C04F79EFBC}") = "Retouch Photo2.Blends", "Retouch Photo2.Blends\Retouch Photo2.Blends.csproj", "{8B2218B3-59A4-445F-8765-752C5E700EFA}"
EndProject
Project("{FAE04EC0-301F-11D3-BF4B-00C04F79EFBC}") = "Retouch Photo2.ViewModels", "Retouch Photo2.ViewModels\Retouch Photo2.ViewModels.csproj", "{D4571A00-4303-4DDB-B63B-6D741C82F73F}"
EndProject
Project("{FAE04EC0-301F-11D3-BF4B-00C04F79EFBC}") = "Retouch Photo2.Tools", "Retouch Photo2.Tools\Retouch Photo2.Tools.csproj", "{3F4AE427-651F-4791-A176-678A00A93B1E}"
EndProject
Project("{FAE04EC0-301F-11D3-BF4B-00C04F79EFBC}") = "Retouch Photo2.Adjustments", "Retouch Photo2.Adjustment\Retouch Photo2.Adjustments.csproj", "{7256C005-0E5D-4C38-9115-E4EEF9978233}"
EndProject
Project("{FAE04EC0-301F-11D3-BF4B-00C04F79EFBC}") = "Retouch Photo2.Brushs", "Retouch Photo2.Brushs\Retouch Photo2.Brushs.csproj", "{00E87876-1AA4-4B48-AF1C-F1DB75FBF587}"
EndProject
Project("{FAE04EC0-301F-11D3-BF4B-00C04F79EFBC}") = "Retouch Photo2.Effects", "Retouch Photo2.Effects\Retouch Photo2.Effects.csproj", "{C14D4618-E234-4D91-8CED-49CBD9F6F3C7}"
EndProject
Project("{FAE04EC0-301F-11D3-BF4B-00C04F79EFBC}") = "Retouch Photo2.Elements", "Retouch Photo2.Elements\Retouch Photo2.Elements.csproj", "{0E5AC58E-36BF-44FE-877E-830F024B7109}"
EndProject
Project("{FAE04EC0-301F-11D3-BF4B-00C04F79EFBC}") = "Retouch Photo2.Layers", "Retouch Photo2.Layers\Retouch Photo2.Layers.csproj", "{15CBF0A7-0953-49F5-B541-F8BCAAB40053}"
EndProject
Project("{FAE04EC0-301F-11D3-BF4B-00C04F79EFBC}") = "Retouch Photo2.Operates", "Retouch Photo2.Operates\Retouch Photo2.Operates.csproj", "{C5A52472-53D8-4885-8488-0CF77A985794}"
EndProject
Project("{FAE04EC0-301F-11D3-BF4B-00C04F79EFBC}") = "Retouch Photo2", "Retouch Photo2\Retouch Photo2.csproj", "{1353AF55-E0F3-442A-9EEF-9087FAAD6F19}"
EndProject
Project("{FAE04EC0-301F-11D3-BF4B-00C04F79EFBC}") = "Retouch Photo2.Characters", "Retouch Photo2.Characters\Retouch Photo2.Characters.csproj", "{73EF3E4B-968B-4D54-83D2-5D7E8CD02CAF}"
EndProject
Project("{FAE04EC0-301F-11D3-BF4B-00C04F79EFBC}") = "Retouch Photo2.Historys", "Retouch Photo2.Historys\Retouch Photo2.Historys.csproj", "{64E6052B-FBB1-489B-9AE3-FB05DC8FBE63}"
EndProject
Project("{FAE04EC0-301F-11D3-BF4B-00C04F79EFBC}") = "Retouch Photo2.Edits", "Retouch Photo2.Edits\Retouch Photo2.Edits.csproj", "{EE851357-156D-438D-ACE1-F8841EC966AF}"
EndProject
Project("{FAE04EC0-301F-11D3-BF4B-00C04F79EFBC}") = "Retouch Photo2.Strokes", "Retouch Photo2.Strokes\Retouch Photo2.Strokes.csproj", "{9ECF765E-1976-4100-8D69-71DDE162ADAB}"
EndProject
Project("{FAE04EC0-301F-11D3-BF4B-00C04F79EFBC}") = "Retouch Photo2.Styles", "Retouch Photo2.Styles\Retouch Photo2.Styles.csproj", "{08675E81-29A5-440B-8DAB-0554DC7A9914}"
EndProject
Project("{FAE04EC0-301F-11D3-BF4B-00C04F79EFBC}") = "Retouch Photo2.Menus", "Retouch Photo2.Menus\Retouch Photo2.Menus.csproj", "{F8C6DDA8-AFBA-4CAE-8F28-E795547EECED}"
EndProject
Project("{FAE04EC0-301F-11D3-BF4B-00C04F79EFBC}") = "Retouch Photo2.Filters", "Retouch Photo2.Filters\Retouch Photo2.Filters.csproj", "{71870425-D0E7-453D-B221-EB740ACAAE74}"
EndProject
Global
	GlobalSection(SolutionConfigurationPlatforms) = preSolution
		Debug|Any CPU = Debug|Any CPU
		Debug|ARM = Debug|ARM
		Debug|x64 = Debug|x64
		Debug|x86 = Debug|x86
		Release|Any CPU = Release|Any CPU
		Release|ARM = Release|ARM
		Release|x64 = Release|x64
		Release|x86 = Release|x86
	EndGlobalSection
	GlobalSection(ProjectConfigurationPlatforms) = postSolution
		{8B2218B3-59A4-445F-8765-752C5E700EFA}.Debug|Any CPU.ActiveCfg = Debug|Any CPU
		{8B2218B3-59A4-445F-8765-752C5E700EFA}.Debug|Any CPU.Build.0 = Debug|Any CPU
		{8B2218B3-59A4-445F-8765-752C5E700EFA}.Debug|ARM.ActiveCfg = Debug|ARM
		{8B2218B3-59A4-445F-8765-752C5E700EFA}.Debug|ARM.Build.0 = Debug|ARM
		{8B2218B3-59A4-445F-8765-752C5E700EFA}.Debug|x64.ActiveCfg = Debug|x64
		{8B2218B3-59A4-445F-8765-752C5E700EFA}.Debug|x64.Build.0 = Debug|x64
		{8B2218B3-59A4-445F-8765-752C5E700EFA}.Debug|x86.ActiveCfg = Debug|x86
		{8B2218B3-59A4-445F-8765-752C5E700EFA}.Debug|x86.Build.0 = Debug|x86
		{8B2218B3-59A4-445F-8765-752C5E700EFA}.Release|Any CPU.ActiveCfg = Release|Any CPU
		{8B2218B3-59A4-445F-8765-752C5E700EFA}.Release|Any CPU.Build.0 = Release|Any CPU
		{8B2218B3-59A4-445F-8765-752C5E700EFA}.Release|ARM.ActiveCfg = Release|ARM
		{8B2218B3-59A4-445F-8765-752C5E700EFA}.Release|ARM.Build.0 = Release|ARM
		{8B2218B3-59A4-445F-8765-752C5E700EFA}.Release|x64.ActiveCfg = Release|x64
		{8B2218B3-59A4-445F-8765-752C5E700EFA}.Release|x64.Build.0 = Release|x64
		{8B2218B3-59A4-445F-8765-752C5E700EFA}.Release|x86.ActiveCfg = Release|x86
		{8B2218B3-59A4-445F-8765-752C5E700EFA}.Release|x86.Build.0 = Release|x86
		{D4571A00-4303-4DDB-B63B-6D741C82F73F}.Debug|Any CPU.ActiveCfg = Debug|Any CPU
		{D4571A00-4303-4DDB-B63B-6D741C82F73F}.Debug|Any CPU.Build.0 = Debug|Any CPU
		{D4571A00-4303-4DDB-B63B-6D741C82F73F}.Debug|ARM.ActiveCfg = Debug|ARM
		{D4571A00-4303-4DDB-B63B-6D741C82F73F}.Debug|ARM.Build.0 = Debug|ARM
		{D4571A00-4303-4DDB-B63B-6D741C82F73F}.Debug|x64.ActiveCfg = Debug|x64
		{D4571A00-4303-4DDB-B63B-6D741C82F73F}.Debug|x64.Build.0 = Debug|x64
		{D4571A00-4303-4DDB-B63B-6D741C82F73F}.Debug|x86.ActiveCfg = Debug|x86
		{D4571A00-4303-4DDB-B63B-6D741C82F73F}.Debug|x86.Build.0 = Debug|x86
		{D4571A00-4303-4DDB-B63B-6D741C82F73F}.Release|Any CPU.ActiveCfg = Release|Any CPU
		{D4571A00-4303-4DDB-B63B-6D741C82F73F}.Release|Any CPU.Build.0 = Release|Any CPU
		{D4571A00-4303-4DDB-B63B-6D741C82F73F}.Release|ARM.ActiveCfg = Release|ARM
		{D4571A00-4303-4DDB-B63B-6D741C82F73F}.Release|ARM.Build.0 = Release|ARM
		{D4571A00-4303-4DDB-B63B-6D741C82F73F}.Release|x64.ActiveCfg = Release|x64
		{D4571A00-4303-4DDB-B63B-6D741C82F73F}.Release|x64.Build.0 = Release|x64
		{D4571A00-4303-4DDB-B63B-6D741C82F73F}.Release|x86.ActiveCfg = Release|x86
		{D4571A00-4303-4DDB-B63B-6D741C82F73F}.Release|x86.Build.0 = Release|x86
		{3F4AE427-651F-4791-A176-678A00A93B1E}.Debug|Any CPU.ActiveCfg = Debug|Any CPU
		{3F4AE427-651F-4791-A176-678A00A93B1E}.Debug|Any CPU.Build.0 = Debug|Any CPU
		{3F4AE427-651F-4791-A176-678A00A93B1E}.Debug|ARM.ActiveCfg = Debug|ARM
		{3F4AE427-651F-4791-A176-678A00A93B1E}.Debug|ARM.Build.0 = Debug|ARM
		{3F4AE427-651F-4791-A176-678A00A93B1E}.Debug|x64.ActiveCfg = Debug|x64
		{3F4AE427-651F-4791-A176-678A00A93B1E}.Debug|x64.Build.0 = Debug|x64
		{3F4AE427-651F-4791-A176-678A00A93B1E}.Debug|x86.ActiveCfg = Debug|x86
		{3F4AE427-651F-4791-A176-678A00A93B1E}.Debug|x86.Build.0 = Debug|x86
		{3F4AE427-651F-4791-A176-678A00A93B1E}.Release|Any CPU.ActiveCfg = Release|Any CPU
		{3F4AE427-651F-4791-A176-678A00A93B1E}.Release|Any CPU.Build.0 = Release|Any CPU
		{3F4AE427-651F-4791-A176-678A00A93B1E}.Release|ARM.ActiveCfg = Release|ARM
		{3F4AE427-651F-4791-A176-678A00A93B1E}.Release|ARM.Build.0 = Release|ARM
		{3F4AE427-651F-4791-A176-678A00A93B1E}.Release|x64.ActiveCfg = Release|x64
		{3F4AE427-651F-4791-A176-678A00A93B1E}.Release|x64.Build.0 = Release|x64
		{3F4AE427-651F-4791-A176-678A00A93B1E}.Release|x86.ActiveCfg = Release|x86
		{3F4AE427-651F-4791-A176-678A00A93B1E}.Release|x86.Build.0 = Release|x86
		{7256C005-0E5D-4C38-9115-E4EEF9978233}.Debug|Any CPU.ActiveCfg = Debug|Any CPU
		{7256C005-0E5D-4C38-9115-E4EEF9978233}.Debug|Any CPU.Build.0 = Debug|Any CPU
		{7256C005-0E5D-4C38-9115-E4EEF9978233}.Debug|ARM.ActiveCfg = Debug|ARM
		{7256C005-0E5D-4C38-9115-E4EEF9978233}.Debug|ARM.Build.0 = Debug|ARM
		{7256C005-0E5D-4C38-9115-E4EEF9978233}.Debug|x64.ActiveCfg = Debug|x64
		{7256C005-0E5D-4C38-9115-E4EEF9978233}.Debug|x64.Build.0 = Debug|x64
		{7256C005-0E5D-4C38-9115-E4EEF9978233}.Debug|x86.ActiveCfg = Debug|x86
		{7256C005-0E5D-4C38-9115-E4EEF9978233}.Debug|x86.Build.0 = Debug|x86
		{7256C005-0E5D-4C38-9115-E4EEF9978233}.Release|Any CPU.ActiveCfg = Release|Any CPU
		{7256C005-0E5D-4C38-9115-E4EEF9978233}.Release|Any CPU.Build.0 = Release|Any CPU
		{7256C005-0E5D-4C38-9115-E4EEF9978233}.Release|ARM.ActiveCfg = Release|ARM
		{7256C005-0E5D-4C38-9115-E4EEF9978233}.Release|ARM.Build.0 = Release|ARM
		{7256C005-0E5D-4C38-9115-E4EEF9978233}.Release|x64.ActiveCfg = Release|x64
		{7256C005-0E5D-4C38-9115-E4EEF9978233}.Release|x64.Build.0 = Release|x64
		{7256C005-0E5D-4C38-9115-E4EEF9978233}.Release|x86.ActiveCfg = Release|x86
		{7256C005-0E5D-4C38-9115-E4EEF9978233}.Release|x86.Build.0 = Release|x86
		{00E87876-1AA4-4B48-AF1C-F1DB75FBF587}.Debug|Any CPU.ActiveCfg = Debug|Any CPU
		{00E87876-1AA4-4B48-AF1C-F1DB75FBF587}.Debug|Any CPU.Build.0 = Debug|Any CPU
		{00E87876-1AA4-4B48-AF1C-F1DB75FBF587}.Debug|ARM.ActiveCfg = Debug|ARM
		{00E87876-1AA4-4B48-AF1C-F1DB75FBF587}.Debug|ARM.Build.0 = Debug|ARM
		{00E87876-1AA4-4B48-AF1C-F1DB75FBF587}.Debug|x64.ActiveCfg = Debug|x64
		{00E87876-1AA4-4B48-AF1C-F1DB75FBF587}.Debug|x64.Build.0 = Debug|x64
		{00E87876-1AA4-4B48-AF1C-F1DB75FBF587}.Debug|x86.ActiveCfg = Debug|x86
		{00E87876-1AA4-4B48-AF1C-F1DB75FBF587}.Debug|x86.Build.0 = Debug|x86
		{00E87876-1AA4-4B48-AF1C-F1DB75FBF587}.Release|Any CPU.ActiveCfg = Release|Any CPU
		{00E87876-1AA4-4B48-AF1C-F1DB75FBF587}.Release|Any CPU.Build.0 = Release|Any CPU
		{00E87876-1AA4-4B48-AF1C-F1DB75FBF587}.Release|ARM.ActiveCfg = Release|ARM
		{00E87876-1AA4-4B48-AF1C-F1DB75FBF587}.Release|ARM.Build.0 = Release|ARM
		{00E87876-1AA4-4B48-AF1C-F1DB75FBF587}.Release|x64.ActiveCfg = Release|x64
		{00E87876-1AA4-4B48-AF1C-F1DB75FBF587}.Release|x64.Build.0 = Release|x64
		{00E87876-1AA4-4B48-AF1C-F1DB75FBF587}.Release|x86.ActiveCfg = Release|x86
		{00E87876-1AA4-4B48-AF1C-F1DB75FBF587}.Release|x86.Build.0 = Release|x86
		{C14D4618-E234-4D91-8CED-49CBD9F6F3C7}.Debug|Any CPU.ActiveCfg = Debug|Any CPU
		{C14D4618-E234-4D91-8CED-49CBD9F6F3C7}.Debug|Any CPU.Build.0 = Debug|Any CPU
		{C14D4618-E234-4D91-8CED-49CBD9F6F3C7}.Debug|ARM.ActiveCfg = Debug|ARM
		{C14D4618-E234-4D91-8CED-49CBD9F6F3C7}.Debug|ARM.Build.0 = Debug|ARM
		{C14D4618-E234-4D91-8CED-49CBD9F6F3C7}.Debug|x64.ActiveCfg = Debug|x64
		{C14D4618-E234-4D91-8CED-49CBD9F6F3C7}.Debug|x64.Build.0 = Debug|x64
		{C14D4618-E234-4D91-8CED-49CBD9F6F3C7}.Debug|x86.ActiveCfg = Debug|x86
		{C14D4618-E234-4D91-8CED-49CBD9F6F3C7}.Debug|x86.Build.0 = Debug|x86
		{C14D4618-E234-4D91-8CED-49CBD9F6F3C7}.Release|Any CPU.ActiveCfg = Release|Any CPU
		{C14D4618-E234-4D91-8CED-49CBD9F6F3C7}.Release|Any CPU.Build.0 = Release|Any CPU
		{C14D4618-E234-4D91-8CED-49CBD9F6F3C7}.Release|ARM.ActiveCfg = Release|ARM
		{C14D4618-E234-4D91-8CED-49CBD9F6F3C7}.Release|ARM.Build.0 = Release|ARM
		{C14D4618-E234-4D91-8CED-49CBD9F6F3C7}.Release|x64.ActiveCfg = Release|x64
		{C14D4618-E234-4D91-8CED-49CBD9F6F3C7}.Release|x64.Build.0 = Release|x64
		{C14D4618-E234-4D91-8CED-49CBD9F6F3C7}.Release|x86.ActiveCfg = Release|x86
		{C14D4618-E234-4D91-8CED-49CBD9F6F3C7}.Release|x86.Build.0 = Release|x86
		{0E5AC58E-36BF-44FE-877E-830F024B7109}.Debug|Any CPU.ActiveCfg = Debug|Any CPU
		{0E5AC58E-36BF-44FE-877E-830F024B7109}.Debug|Any CPU.Build.0 = Debug|Any CPU
		{0E5AC58E-36BF-44FE-877E-830F024B7109}.Debug|ARM.ActiveCfg = Debug|ARM
		{0E5AC58E-36BF-44FE-877E-830F024B7109}.Debug|ARM.Build.0 = Debug|ARM
		{0E5AC58E-36BF-44FE-877E-830F024B7109}.Debug|x64.ActiveCfg = Debug|x64
		{0E5AC58E-36BF-44FE-877E-830F024B7109}.Debug|x64.Build.0 = Debug|x64
		{0E5AC58E-36BF-44FE-877E-830F024B7109}.Debug|x86.ActiveCfg = Debug|x86
		{0E5AC58E-36BF-44FE-877E-830F024B7109}.Debug|x86.Build.0 = Debug|x86
		{0E5AC58E-36BF-44FE-877E-830F024B7109}.Release|Any CPU.ActiveCfg = Release|Any CPU
		{0E5AC58E-36BF-44FE-877E-830F024B7109}.Release|Any CPU.Build.0 = Release|Any CPU
		{0E5AC58E-36BF-44FE-877E-830F024B7109}.Release|ARM.ActiveCfg = Release|ARM
		{0E5AC58E-36BF-44FE-877E-830F024B7109}.Release|ARM.Build.0 = Release|ARM
		{0E5AC58E-36BF-44FE-877E-830F024B7109}.Release|x64.ActiveCfg = Release|x64
		{0E5AC58E-36BF-44FE-877E-830F024B7109}.Release|x64.Build.0 = Release|x64
		{0E5AC58E-36BF-44FE-877E-830F024B7109}.Release|x86.ActiveCfg = Release|x86
		{0E5AC58E-36BF-44FE-877E-830F024B7109}.Release|x86.Build.0 = Release|x86
		{15CBF0A7-0953-49F5-B541-F8BCAAB40053}.Debug|Any CPU.ActiveCfg = Debug|Any CPU
		{15CBF0A7-0953-49F5-B541-F8BCAAB40053}.Debug|Any CPU.Build.0 = Debug|Any CPU
		{15CBF0A7-0953-49F5-B541-F8BCAAB40053}.Debug|ARM.ActiveCfg = Debug|ARM
		{15CBF0A7-0953-49F5-B541-F8BCAAB40053}.Debug|ARM.Build.0 = Debug|ARM
		{15CBF0A7-0953-49F5-B541-F8BCAAB40053}.Debug|x64.ActiveCfg = Debug|x64
		{15CBF0A7-0953-49F5-B541-F8BCAAB40053}.Debug|x64.Build.0 = Debug|x64
		{15CBF0A7-0953-49F5-B541-F8BCAAB40053}.Debug|x86.ActiveCfg = Debug|x86
		{15CBF0A7-0953-49F5-B541-F8BCAAB40053}.Debug|x86.Build.0 = Debug|x86
		{15CBF0A7-0953-49F5-B541-F8BCAAB40053}.Release|Any CPU.ActiveCfg = Release|Any CPU
		{15CBF0A7-0953-49F5-B541-F8BCAAB40053}.Release|Any CPU.Build.0 = Release|Any CPU
		{15CBF0A7-0953-49F5-B541-F8BCAAB40053}.Release|ARM.ActiveCfg = Release|ARM
		{15CBF0A7-0953-49F5-B541-F8BCAAB40053}.Release|ARM.Build.0 = Release|ARM
		{15CBF0A7-0953-49F5-B541-F8BCAAB40053}.Release|x64.ActiveCfg = Release|x64
		{15CBF0A7-0953-49F5-B541-F8BCAAB40053}.Release|x64.Build.0 = Release|x64
		{15CBF0A7-0953-49F5-B541-F8BCAAB40053}.Release|x86.ActiveCfg = Release|x86
		{15CBF0A7-0953-49F5-B541-F8BCAAB40053}.Release|x86.Build.0 = Release|x86
		{C5A52472-53D8-4885-8488-0CF77A985794}.Debug|Any CPU.ActiveCfg = Debug|Any CPU
		{C5A52472-53D8-4885-8488-0CF77A985794}.Debug|Any CPU.Build.0 = Debug|Any CPU
		{C5A52472-53D8-4885-8488-0CF77A985794}.Debug|ARM.ActiveCfg = Debug|ARM
		{C5A52472-53D8-4885-8488-0CF77A985794}.Debug|ARM.Build.0 = Debug|ARM
		{C5A52472-53D8-4885-8488-0CF77A985794}.Debug|x64.ActiveCfg = Debug|x64
		{C5A52472-53D8-4885-8488-0CF77A985794}.Debug|x64.Build.0 = Debug|x64
		{C5A52472-53D8-4885-8488-0CF77A985794}.Debug|x86.ActiveCfg = Debug|x86
		{C5A52472-53D8-4885-8488-0CF77A985794}.Debug|x86.Build.0 = Debug|x86
		{C5A52472-53D8-4885-8488-0CF77A985794}.Release|Any CPU.ActiveCfg = Release|Any CPU
		{C5A52472-53D8-4885-8488-0CF77A985794}.Release|Any CPU.Build.0 = Release|Any CPU
		{C5A52472-53D8-4885-8488-0CF77A985794}.Release|ARM.ActiveCfg = Release|ARM
		{C5A52472-53D8-4885-8488-0CF77A985794}.Release|ARM.Build.0 = Release|ARM
		{C5A52472-53D8-4885-8488-0CF77A985794}.Release|x64.ActiveCfg = Release|x64
		{C5A52472-53D8-4885-8488-0CF77A985794}.Release|x64.Build.0 = Release|x64
		{C5A52472-53D8-4885-8488-0CF77A985794}.Release|x86.ActiveCfg = Release|x86
		{C5A52472-53D8-4885-8488-0CF77A985794}.Release|x86.Build.0 = Release|x86
		{1353AF55-E0F3-442A-9EEF-9087FAAD6F19}.Debug|Any CPU.ActiveCfg = Debug|x86
		{1353AF55-E0F3-442A-9EEF-9087FAAD6F19}.Debug|ARM.ActiveCfg = Debug|ARM
		{1353AF55-E0F3-442A-9EEF-9087FAAD6F19}.Debug|ARM.Build.0 = Debug|ARM
		{1353AF55-E0F3-442A-9EEF-9087FAAD6F19}.Debug|ARM.Deploy.0 = Debug|ARM
		{1353AF55-E0F3-442A-9EEF-9087FAAD6F19}.Debug|x64.ActiveCfg = Debug|x64
		{1353AF55-E0F3-442A-9EEF-9087FAAD6F19}.Debug|x64.Build.0 = Debug|x64
		{1353AF55-E0F3-442A-9EEF-9087FAAD6F19}.Debug|x64.Deploy.0 = Debug|x64
		{1353AF55-E0F3-442A-9EEF-9087FAAD6F19}.Debug|x86.ActiveCfg = Debug|x86
		{1353AF55-E0F3-442A-9EEF-9087FAAD6F19}.Debug|x86.Build.0 = Debug|x86
		{1353AF55-E0F3-442A-9EEF-9087FAAD6F19}.Debug|x86.Deploy.0 = Debug|x86
		{1353AF55-E0F3-442A-9EEF-9087FAAD6F19}.Release|Any CPU.ActiveCfg = Release|x86
		{1353AF55-E0F3-442A-9EEF-9087FAAD6F19}.Release|ARM.ActiveCfg = Release|ARM
		{1353AF55-E0F3-442A-9EEF-9087FAAD6F19}.Release|ARM.Build.0 = Release|ARM
		{1353AF55-E0F3-442A-9EEF-9087FAAD6F19}.Release|ARM.Deploy.0 = Release|ARM
		{1353AF55-E0F3-442A-9EEF-9087FAAD6F19}.Release|x64.ActiveCfg = Release|x64
		{1353AF55-E0F3-442A-9EEF-9087FAAD6F19}.Release|x64.Build.0 = Release|x64
		{1353AF55-E0F3-442A-9EEF-9087FAAD6F19}.Release|x64.Deploy.0 = Release|x64
		{1353AF55-E0F3-442A-9EEF-9087FAAD6F19}.Release|x86.ActiveCfg = Release|x86
		{1353AF55-E0F3-442A-9EEF-9087FAAD6F19}.Release|x86.Build.0 = Release|x86
		{1353AF55-E0F3-442A-9EEF-9087FAAD6F19}.Release|x86.Deploy.0 = Release|x86
		{73EF3E4B-968B-4D54-83D2-5D7E8CD02CAF}.Debug|Any CPU.ActiveCfg = Debug|Any CPU
		{73EF3E4B-968B-4D54-83D2-5D7E8CD02CAF}.Debug|Any CPU.Build.0 = Debug|Any CPU
		{73EF3E4B-968B-4D54-83D2-5D7E8CD02CAF}.Debug|ARM.ActiveCfg = Debug|ARM
		{73EF3E4B-968B-4D54-83D2-5D7E8CD02CAF}.Debug|ARM.Build.0 = Debug|ARM
		{73EF3E4B-968B-4D54-83D2-5D7E8CD02CAF}.Debug|x64.ActiveCfg = Debug|x64
		{73EF3E4B-968B-4D54-83D2-5D7E8CD02CAF}.Debug|x64.Build.0 = Debug|x64
		{73EF3E4B-968B-4D54-83D2-5D7E8CD02CAF}.Debug|x86.ActiveCfg = Debug|x86
		{73EF3E4B-968B-4D54-83D2-5D7E8CD02CAF}.Debug|x86.Build.0 = Debug|x86
		{73EF3E4B-968B-4D54-83D2-5D7E8CD02CAF}.Release|Any CPU.ActiveCfg = Release|Any CPU
		{73EF3E4B-968B-4D54-83D2-5D7E8CD02CAF}.Release|Any CPU.Build.0 = Release|Any CPU
		{73EF3E4B-968B-4D54-83D2-5D7E8CD02CAF}.Release|ARM.ActiveCfg = Release|ARM
		{73EF3E4B-968B-4D54-83D2-5D7E8CD02CAF}.Release|ARM.Build.0 = Release|ARM
		{73EF3E4B-968B-4D54-83D2-5D7E8CD02CAF}.Release|x64.ActiveCfg = Release|x64
		{73EF3E4B-968B-4D54-83D2-5D7E8CD02CAF}.Release|x64.Build.0 = Release|x64
		{73EF3E4B-968B-4D54-83D2-5D7E8CD02CAF}.Release|x86.ActiveCfg = Release|x86
		{73EF3E4B-968B-4D54-83D2-5D7E8CD02CAF}.Release|x86.Build.0 = Release|x86
		{64E6052B-FBB1-489B-9AE3-FB05DC8FBE63}.Debug|Any CPU.ActiveCfg = Debug|Any CPU
		{64E6052B-FBB1-489B-9AE3-FB05DC8FBE63}.Debug|Any CPU.Build.0 = Debug|Any CPU
		{64E6052B-FBB1-489B-9AE3-FB05DC8FBE63}.Debug|ARM.ActiveCfg = Debug|ARM
		{64E6052B-FBB1-489B-9AE3-FB05DC8FBE63}.Debug|ARM.Build.0 = Debug|ARM
		{64E6052B-FBB1-489B-9AE3-FB05DC8FBE63}.Debug|x64.ActiveCfg = Debug|x64
		{64E6052B-FBB1-489B-9AE3-FB05DC8FBE63}.Debug|x64.Build.0 = Debug|x64
		{64E6052B-FBB1-489B-9AE3-FB05DC8FBE63}.Debug|x86.ActiveCfg = Debug|x86
		{64E6052B-FBB1-489B-9AE3-FB05DC8FBE63}.Debug|x86.Build.0 = Debug|x86
		{64E6052B-FBB1-489B-9AE3-FB05DC8FBE63}.Release|Any CPU.ActiveCfg = Release|Any CPU
		{64E6052B-FBB1-489B-9AE3-FB05DC8FBE63}.Release|Any CPU.Build.0 = Release|Any CPU
		{64E6052B-FBB1-489B-9AE3-FB05DC8FBE63}.Release|ARM.ActiveCfg = Release|ARM
		{64E6052B-FBB1-489B-9AE3-FB05DC8FBE63}.Release|ARM.Build.0 = Release|ARM
		{64E6052B-FBB1-489B-9AE3-FB05DC8FBE63}.Release|x64.ActiveCfg = Release|x64
		{64E6052B-FBB1-489B-9AE3-FB05DC8FBE63}.Release|x64.Build.0 = Release|x64
		{64E6052B-FBB1-489B-9AE3-FB05DC8FBE63}.Release|x86.ActiveCfg = Release|x86
		{64E6052B-FBB1-489B-9AE3-FB05DC8FBE63}.Release|x86.Build.0 = Release|x86
		{EE851357-156D-438D-ACE1-F8841EC966AF}.Debug|Any CPU.ActiveCfg = Debug|Any CPU
		{EE851357-156D-438D-ACE1-F8841EC966AF}.Debug|Any CPU.Build.0 = Debug|Any CPU
		{EE851357-156D-438D-ACE1-F8841EC966AF}.Debug|ARM.ActiveCfg = Debug|ARM
		{EE851357-156D-438D-ACE1-F8841EC966AF}.Debug|ARM.Build.0 = Debug|ARM
		{EE851357-156D-438D-ACE1-F8841EC966AF}.Debug|x64.ActiveCfg = Debug|x64
		{EE851357-156D-438D-ACE1-F8841EC966AF}.Debug|x64.Build.0 = Debug|x64
		{EE851357-156D-438D-ACE1-F8841EC966AF}.Debug|x86.ActiveCfg = Debug|x86
		{EE851357-156D-438D-ACE1-F8841EC966AF}.Debug|x86.Build.0 = Debug|x86
		{EE851357-156D-438D-ACE1-F8841EC966AF}.Release|Any CPU.ActiveCfg = Release|Any CPU
		{EE851357-156D-438D-ACE1-F8841EC966AF}.Release|Any CPU.Build.0 = Release|Any CPU
		{EE851357-156D-438D-ACE1-F8841EC966AF}.Release|ARM.ActiveCfg = Release|ARM
		{EE851357-156D-438D-ACE1-F8841EC966AF}.Release|ARM.Build.0 = Release|ARM
		{EE851357-156D-438D-ACE1-F8841EC966AF}.Release|x64.ActiveCfg = Release|x64
		{EE851357-156D-438D-ACE1-F8841EC966AF}.Release|x64.Build.0 = Release|x64
		{EE851357-156D-438D-ACE1-F8841EC966AF}.Release|x86.ActiveCfg = Release|x86
		{EE851357-156D-438D-ACE1-F8841EC966AF}.Release|x86.Build.0 = Release|x86
		{9ECF765E-1976-4100-8D69-71DDE162ADAB}.Debug|Any CPU.ActiveCfg = Debug|Any CPU
		{9ECF765E-1976-4100-8D69-71DDE162ADAB}.Debug|Any CPU.Build.0 = Debug|Any CPU
		{9ECF765E-1976-4100-8D69-71DDE162ADAB}.Debug|ARM.ActiveCfg = Debug|ARM
		{9ECF765E-1976-4100-8D69-71DDE162ADAB}.Debug|ARM.Build.0 = Debug|ARM
		{9ECF765E-1976-4100-8D69-71DDE162ADAB}.Debug|x64.ActiveCfg = Debug|x64
		{9ECF765E-1976-4100-8D69-71DDE162ADAB}.Debug|x64.Build.0 = Debug|x64
		{9ECF765E-1976-4100-8D69-71DDE162ADAB}.Debug|x86.ActiveCfg = Debug|x86
		{9ECF765E-1976-4100-8D69-71DDE162ADAB}.Debug|x86.Build.0 = Debug|x86
		{9ECF765E-1976-4100-8D69-71DDE162ADAB}.Release|Any CPU.ActiveCfg = Release|Any CPU
		{9ECF765E-1976-4100-8D69-71DDE162ADAB}.Release|Any CPU.Build.0 = Release|Any CPU
		{9ECF765E-1976-4100-8D69-71DDE162ADAB}.Release|ARM.ActiveCfg = Release|ARM
		{9ECF765E-1976-4100-8D69-71DDE162ADAB}.Release|ARM.Build.0 = Release|ARM
		{9ECF765E-1976-4100-8D69-71DDE162ADAB}.Release|x64.ActiveCfg = Release|x64
		{9ECF765E-1976-4100-8D69-71DDE162ADAB}.Release|x64.Build.0 = Release|x64
		{9ECF765E-1976-4100-8D69-71DDE162ADAB}.Release|x86.ActiveCfg = Release|x86
		{9ECF765E-1976-4100-8D69-71DDE162ADAB}.Release|x86.Build.0 = Release|x86
		{08675E81-29A5-440B-8DAB-0554DC7A9914}.Debug|Any CPU.ActiveCfg = Debug|Any CPU
		{08675E81-29A5-440B-8DAB-0554DC7A9914}.Debug|Any CPU.Build.0 = Debug|Any CPU
		{08675E81-29A5-440B-8DAB-0554DC7A9914}.Debug|ARM.ActiveCfg = Debug|ARM
		{08675E81-29A5-440B-8DAB-0554DC7A9914}.Debug|ARM.Build.0 = Debug|ARM
		{08675E81-29A5-440B-8DAB-0554DC7A9914}.Debug|x64.ActiveCfg = Debug|x64
		{08675E81-29A5-440B-8DAB-0554DC7A9914}.Debug|x64.Build.0 = Debug|x64
		{08675E81-29A5-440B-8DAB-0554DC7A9914}.Debug|x86.ActiveCfg = Debug|x86
		{08675E81-29A5-440B-8DAB-0554DC7A9914}.Debug|x86.Build.0 = Debug|x86
		{08675E81-29A5-440B-8DAB-0554DC7A9914}.Release|Any CPU.ActiveCfg = Release|Any CPU
		{08675E81-29A5-440B-8DAB-0554DC7A9914}.Release|Any CPU.Build.0 = Release|Any CPU
		{08675E81-29A5-440B-8DAB-0554DC7A9914}.Release|ARM.ActiveCfg = Release|ARM
		{08675E81-29A5-440B-8DAB-0554DC7A9914}.Release|ARM.Build.0 = Release|ARM
		{08675E81-29A5-440B-8DAB-0554DC7A9914}.Release|x64.ActiveCfg = Release|x64
		{08675E81-29A5-440B-8DAB-0554DC7A9914}.Release|x64.Build.0 = Release|x64
		{08675E81-29A5-440B-8DAB-0554DC7A9914}.Release|x86.ActiveCfg = Release|x86
		{08675E81-29A5-440B-8DAB-0554DC7A9914}.Release|x86.Build.0 = Release|x86
		{F8C6DDA8-AFBA-4CAE-8F28-E795547EECED}.Debug|Any CPU.ActiveCfg = Debug|Any CPU
		{F8C6DDA8-AFBA-4CAE-8F28-E795547EECED}.Debug|Any CPU.Build.0 = Debug|Any CPU
		{F8C6DDA8-AFBA-4CAE-8F28-E795547EECED}.Debug|ARM.ActiveCfg = Debug|ARM
		{F8C6DDA8-AFBA-4CAE-8F28-E795547EECED}.Debug|ARM.Build.0 = Debug|ARM
		{F8C6DDA8-AFBA-4CAE-8F28-E795547EECED}.Debug|x64.ActiveCfg = Debug|x64
		{F8C6DDA8-AFBA-4CAE-8F28-E795547EECED}.Debug|x64.Build.0 = Debug|x64
		{F8C6DDA8-AFBA-4CAE-8F28-E795547EECED}.Debug|x86.ActiveCfg = Debug|x86
		{F8C6DDA8-AFBA-4CAE-8F28-E795547EECED}.Debug|x86.Build.0 = Debug|x86
		{F8C6DDA8-AFBA-4CAE-8F28-E795547EECED}.Release|Any CPU.ActiveCfg = Release|Any CPU
		{F8C6DDA8-AFBA-4CAE-8F28-E795547EECED}.Release|Any CPU.Build.0 = Release|Any CPU
		{F8C6DDA8-AFBA-4CAE-8F28-E795547EECED}.Release|ARM.ActiveCfg = Release|ARM
		{F8C6DDA8-AFBA-4CAE-8F28-E795547EECED}.Release|ARM.Build.0 = Release|ARM
		{F8C6DDA8-AFBA-4CAE-8F28-E795547EECED}.Release|x64.ActiveCfg = Release|x64
		{F8C6DDA8-AFBA-4CAE-8F28-E795547EECED}.Release|x64.Build.0 = Release|x64
		{F8C6DDA8-AFBA-4CAE-8F28-E795547EECED}.Release|x86.ActiveCfg = Release|x86
		{F8C6DDA8-AFBA-4CAE-8F28-E795547EECED}.Release|x86.Build.0 = Release|x86
		{71870425-D0E7-453D-B221-EB740ACAAE74}.Debug|Any CPU.ActiveCfg = Debug|Any CPU
		{71870425-D0E7-453D-B221-EB740ACAAE74}.Debug|Any CPU.Build.0 = Debug|Any CPU
		{71870425-D0E7-453D-B221-EB740ACAAE74}.Debug|ARM.ActiveCfg = Debug|ARM
		{71870425-D0E7-453D-B221-EB740ACAAE74}.Debug|ARM.Build.0 = Debug|ARM
		{71870425-D0E7-453D-B221-EB740ACAAE74}.Debug|x64.ActiveCfg = Debug|x64
		{71870425-D0E7-453D-B221-EB740ACAAE74}.Debug|x64.Build.0 = Debug|x64
		{71870425-D0E7-453D-B221-EB740ACAAE74}.Debug|x86.ActiveCfg = Debug|x86
		{71870425-D0E7-453D-B221-EB740ACAAE74}.Debug|x86.Build.0 = Debug|x86
		{71870425-D0E7-453D-B221-EB740ACAAE74}.Release|Any CPU.ActiveCfg = Release|Any CPU
		{71870425-D0E7-453D-B221-EB740ACAAE74}.Release|Any CPU.Build.0 = Release|Any CPU
		{71870425-D0E7-453D-B221-EB740ACAAE74}.Release|ARM.ActiveCfg = Release|ARM
		{71870425-D0E7-453D-B221-EB740ACAAE74}.Release|ARM.Build.0 = Release|ARM
		{71870425-D0E7-453D-B221-EB740ACAAE74}.Release|x64.ActiveCfg = Release|x64
		{71870425-D0E7-453D-B221-EB740ACAAE74}.Release|x64.Build.0 = Release|x64
		{71870425-D0E7-453D-B221-EB740ACAAE74}.Release|x86.ActiveCfg = Release|x86
		{71870425-D0E7-453D-B221-EB740ACAAE74}.Release|x86.Build.0 = Release|x86
	EndGlobalSection
	GlobalSection(SolutionProperties) = preSolution
		HideSolutionNode = FALSE
	EndGlobalSection
	GlobalSection(ExtensibilityGlobals) = postSolution
		SolutionGuid = {0163D685-AFF3-48CA-8BC3-8531DA5184A0}
	EndGlobalSection
EndGlobal
